
Microsoft Visual Studio Solution File, Format Version 12.00
# Visual Studio Version 17
VisualStudioVersion = 17.0.31903.59
MinimumVisualStudioVersion = 10.0.40219.1
Project("{2150E333-8FDC-42A3-9474-1A3956D46DE8}") = "2022", "2022", "{3226BEA2-D37F-493B-A79F-A9B5FEAF2B6C}"
EndProject
Project("{FAE04EC0-301F-11D3-BF4B-00C04F79EFBC}") = "Day01", "2022\day01\Day01.csproj", "{050FE518-EC59-4CEA-A105-8C03F8AEBB32}"
EndProject
Project("{FAE04EC0-301F-11D3-BF4B-00C04F79EFBC}") = "Day02", "2022\day02\Day02.csproj", "{77F23755-CD90-47A5-AB7E-AF241982951C}"
EndProject
Project("{FAE04EC0-301F-11D3-BF4B-00C04F79EFBC}") = "Day03", "2022\day03\Day03.csproj", "{93B49C00-1B2A-4985-AC55-C913FF7AD696}"
EndProject
Project("{FAE04EC0-301F-11D3-BF4B-00C04F79EFBC}") = "Day04", "2022\day04\Day04.csproj", "{1ED65233-6021-419C-88A1-EBE44FE4E347}"
EndProject
Project("{FAE04EC0-301F-11D3-BF4B-00C04F79EFBC}") = "Day05", "2022\day05\Day05.csproj", "{34C133C3-E679-4021-9407-1F17F57D1574}"
EndProject
Project("{FAE04EC0-301F-11D3-BF4B-00C04F79EFBC}") = "Day06", "2022\day06\Day06.csproj", "{9B0C1CBB-74D9-4D4D-9CC8-C2E1CADD156F}"
EndProject
Project("{2150E333-8FDC-42A3-9474-1A3956D46DE8}") = "2023", "2023", "{542578DF-FFC1-4F3C-B018-670408AAB838}"
EndProject
Project("{FAE04EC0-301F-11D3-BF4B-00C04F79EFBC}") = "day01", "2023\day01\day01.csproj", "{D65CBC32-64AA-414C-8706-D7CC418EA8AB}"
EndProject
Project("{FAE04EC0-301F-11D3-BF4B-00C04F79EFBC}") = "day02", "2023\day02\day02.csproj", "{99DE3494-887C-48C6-9DE0-472FB37879F8}"
EndProject
Project("{FAE04EC0-301F-11D3-BF4B-00C04F79EFBC}") = "day03", "2023\day03\day03.csproj", "{3800955B-F256-4E54-8F81-944B6CD67689}"
EndProject
Project("{FAE04EC0-301F-11D3-BF4B-00C04F79EFBC}") = "day04", "2023\day04\day04.csproj", "{25158C75-294B-46D3-9D5E-D6D737DE13C3}"
EndProject
Project("{FAE04EC0-301F-11D3-BF4B-00C04F79EFBC}") = "day05", "2023\day05\day05.csproj", "{9EC76C1E-5CF9-4661-8B19-865F93D352D3}"
EndProject
Project("{FAE04EC0-301F-11D3-BF4B-00C04F79EFBC}") = "day06", "2023\day06\day06.csproj", "{C048AD58-9C30-42EB-A917-F3E5323E8C5D}"
EndProject
Project("{FAE04EC0-301F-11D3-BF4B-00C04F79EFBC}") = "day08", "2023\day08\day08.csproj", "{50D9D924-2748-4A4A-82D4-40FD290BF1B1}"
EndProject
Project("{FAE04EC0-301F-11D3-BF4B-00C04F79EFBC}") = "day07", "2023\day07\day07.csproj", "{8330399D-4614-463A-9918-1D305EEB2553}"
EndProject
Project("{FAE04EC0-301F-11D3-BF4B-00C04F79EFBC}") = "day09", "2023\day09\day09.csproj", "{F41AE0B7-A7A9-42EE-8A07-7B55778CF158}"
EndProject
Project("{FAE04EC0-301F-11D3-BF4B-00C04F79EFBC}") = "day10", "2023\day10\day10.csproj", "{EEBBDA05-BC54-4B5D-A441-078BA8E28393}"
EndProject
Global
	GlobalSection(SolutionConfigurationPlatforms) = preSolution
		Debug|Any CPU = Debug|Any CPU
		Release|Any CPU = Release|Any CPU
	EndGlobalSection
	GlobalSection(SolutionProperties) = preSolution
		HideSolutionNode = FALSE
	EndGlobalSection
	GlobalSection(ProjectConfigurationPlatforms) = postSolution
		{050FE518-EC59-4CEA-A105-8C03F8AEBB32}.Debug|Any CPU.ActiveCfg = Debug|Any CPU
		{050FE518-EC59-4CEA-A105-8C03F8AEBB32}.Debug|Any CPU.Build.0 = Debug|Any CPU
		{050FE518-EC59-4CEA-A105-8C03F8AEBB32}.Release|Any CPU.ActiveCfg = Release|Any CPU
		{050FE518-EC59-4CEA-A105-8C03F8AEBB32}.Release|Any CPU.Build.0 = Release|Any CPU
		{77F23755-CD90-47A5-AB7E-AF241982951C}.Debug|Any CPU.ActiveCfg = Debug|Any CPU
		{77F23755-CD90-47A5-AB7E-AF241982951C}.Debug|Any CPU.Build.0 = Debug|Any CPU
		{77F23755-CD90-47A5-AB7E-AF241982951C}.Release|Any CPU.ActiveCfg = Release|Any CPU
		{77F23755-CD90-47A5-AB7E-AF241982951C}.Release|Any CPU.Build.0 = Release|Any CPU
		{93B49C00-1B2A-4985-AC55-C913FF7AD696}.Debug|Any CPU.ActiveCfg = Debug|Any CPU
		{93B49C00-1B2A-4985-AC55-C913FF7AD696}.Debug|Any CPU.Build.0 = Debug|Any CPU
		{93B49C00-1B2A-4985-AC55-C913FF7AD696}.Release|Any CPU.ActiveCfg = Release|Any CPU
		{93B49C00-1B2A-4985-AC55-C913FF7AD696}.Release|Any CPU.Build.0 = Release|Any CPU
		{1ED65233-6021-419C-88A1-EBE44FE4E347}.Debug|Any CPU.ActiveCfg = Debug|Any CPU
		{1ED65233-6021-419C-88A1-EBE44FE4E347}.Debug|Any CPU.Build.0 = Debug|Any CPU
		{1ED65233-6021-419C-88A1-EBE44FE4E347}.Release|Any CPU.ActiveCfg = Release|Any CPU
		{1ED65233-6021-419C-88A1-EBE44FE4E347}.Release|Any CPU.Build.0 = Release|Any CPU
		{34C133C3-E679-4021-9407-1F17F57D1574}.Debug|Any CPU.ActiveCfg = Debug|Any CPU
		{34C133C3-E679-4021-9407-1F17F57D1574}.Debug|Any CPU.Build.0 = Debug|Any CPU
		{34C133C3-E679-4021-9407-1F17F57D1574}.Release|Any CPU.ActiveCfg = Release|Any CPU
		{34C133C3-E679-4021-9407-1F17F57D1574}.Release|Any CPU.Build.0 = Release|Any CPU
		{9B0C1CBB-74D9-4D4D-9CC8-C2E1CADD156F}.Debug|Any CPU.ActiveCfg = Debug|Any CPU
		{9B0C1CBB-74D9-4D4D-9CC8-C2E1CADD156F}.Debug|Any CPU.Build.0 = Debug|Any CPU
		{9B0C1CBB-74D9-4D4D-9CC8-C2E1CADD156F}.Release|Any CPU.ActiveCfg = Release|Any CPU
		{9B0C1CBB-74D9-4D4D-9CC8-C2E1CADD156F}.Release|Any CPU.Build.0 = Release|Any CPU
		{D65CBC32-64AA-414C-8706-D7CC418EA8AB}.Debug|Any CPU.ActiveCfg = Debug|Any CPU
		{D65CBC32-64AA-414C-8706-D7CC418EA8AB}.Debug|Any CPU.Build.0 = Debug|Any CPU
		{D65CBC32-64AA-414C-8706-D7CC418EA8AB}.Release|Any CPU.ActiveCfg = Release|Any CPU
		{D65CBC32-64AA-414C-8706-D7CC418EA8AB}.Release|Any CPU.Build.0 = Release|Any CPU
		{99DE3494-887C-48C6-9DE0-472FB37879F8}.Debug|Any CPU.ActiveCfg = Debug|Any CPU
		{99DE3494-887C-48C6-9DE0-472FB37879F8}.Debug|Any CPU.Build.0 = Debug|Any CPU
		{99DE3494-887C-48C6-9DE0-472FB37879F8}.Release|Any CPU.ActiveCfg = Release|Any CPU
		{99DE3494-887C-48C6-9DE0-472FB37879F8}.Release|Any CPU.Build.0 = Release|Any CPU
		{3800955B-F256-4E54-8F81-944B6CD67689}.Debug|Any CPU.ActiveCfg = Debug|Any CPU
		{3800955B-F256-4E54-8F81-944B6CD67689}.Debug|Any CPU.Build.0 = Debug|Any CPU
		{3800955B-F256-4E54-8F81-944B6CD67689}.Release|Any CPU.ActiveCfg = Release|Any CPU
		{3800955B-F256-4E54-8F81-944B6CD67689}.Release|Any CPU.Build.0 = Release|Any CPU
		{25158C75-294B-46D3-9D5E-D6D737DE13C3}.Debug|Any CPU.ActiveCfg = Debug|Any CPU
		{25158C75-294B-46D3-9D5E-D6D737DE13C3}.Debug|Any CPU.Build.0 = Debug|Any CPU
		{25158C75-294B-46D3-9D5E-D6D737DE13C3}.Release|Any CPU.ActiveCfg = Release|Any CPU
		{25158C75-294B-46D3-9D5E-D6D737DE13C3}.Release|Any CPU.Build.0 = Release|Any CPU
		{9EC76C1E-5CF9-4661-8B19-865F93D352D3}.Debug|Any CPU.ActiveCfg = Debug|Any CPU
		{9EC76C1E-5CF9-4661-8B19-865F93D352D3}.Debug|Any CPU.Build.0 = Debug|Any CPU
		{9EC76C1E-5CF9-4661-8B19-865F93D352D3}.Release|Any CPU.ActiveCfg = Release|Any CPU
		{9EC76C1E-5CF9-4661-8B19-865F93D352D3}.Release|Any CPU.Build.0 = Release|Any CPU
		{C048AD58-9C30-42EB-A917-F3E5323E8C5D}.Debug|Any CPU.ActiveCfg = Debug|Any CPU
		{C048AD58-9C30-42EB-A917-F3E5323E8C5D}.Debug|Any CPU.Build.0 = Debug|Any CPU
		{C048AD58-9C30-42EB-A917-F3E5323E8C5D}.Release|Any CPU.ActiveCfg = Release|Any CPU
		{C048AD58-9C30-42EB-A917-F3E5323E8C5D}.Release|Any CPU.Build.0 = Release|Any CPU
		{50D9D924-2748-4A4A-82D4-40FD290BF1B1}.Debug|Any CPU.ActiveCfg = Debug|Any CPU
		{50D9D924-2748-4A4A-82D4-40FD290BF1B1}.Debug|Any CPU.Build.0 = Debug|Any CPU
		{50D9D924-2748-4A4A-82D4-40FD290BF1B1}.Release|Any CPU.ActiveCfg = Release|Any CPU
		{50D9D924-2748-4A4A-82D4-40FD290BF1B1}.Release|Any CPU.Build.0 = Release|Any CPU
		{8330399D-4614-463A-9918-1D305EEB2553}.Debug|Any CPU.ActiveCfg = Debug|Any CPU
		{8330399D-4614-463A-9918-1D305EEB2553}.Debug|Any CPU.Build.0 = Debug|Any CPU
		{8330399D-4614-463A-9918-1D305EEB2553}.Release|Any CPU.ActiveCfg = Release|Any CPU
		{8330399D-4614-463A-9918-1D305EEB2553}.Release|Any CPU.Build.0 = Release|Any CPU
		{F41AE0B7-A7A9-42EE-8A07-7B55778CF158}.Debug|Any CPU.ActiveCfg = Debug|Any CPU
		{F41AE0B7-A7A9-42EE-8A07-7B55778CF158}.Debug|Any CPU.Build.0 = Debug|Any CPU
		{F41AE0B7-A7A9-42EE-8A07-7B55778CF158}.Release|Any CPU.ActiveCfg = Release|Any CPU
		{F41AE0B7-A7A9-42EE-8A07-7B55778CF158}.Release|Any CPU.Build.0 = Release|Any CPU
		{EEBBDA05-BC54-4B5D-A441-078BA8E28393}.Debug|Any CPU.ActiveCfg = Debug|Any CPU
		{EEBBDA05-BC54-4B5D-A441-078BA8E28393}.Debug|Any CPU.Build.0 = Debug|Any CPU
		{EEBBDA05-BC54-4B5D-A441-078BA8E28393}.Release|Any CPU.ActiveCfg = Release|Any CPU
		{EEBBDA05-BC54-4B5D-A441-078BA8E28393}.Release|Any CPU.Build.0 = Release|Any CPU
	EndGlobalSection
	GlobalSection(NestedProjects) = preSolution
		{050FE518-EC59-4CEA-A105-8C03F8AEBB32} = {3226BEA2-D37F-493B-A79F-A9B5FEAF2B6C}
		{77F23755-CD90-47A5-AB7E-AF241982951C} = {3226BEA2-D37F-493B-A79F-A9B5FEAF2B6C}
		{93B49C00-1B2A-4985-AC55-C913FF7AD696} = {3226BEA2-D37F-493B-A79F-A9B5FEAF2B6C}
		{1ED65233-6021-419C-88A1-EBE44FE4E347} = {3226BEA2-D37F-493B-A79F-A9B5FEAF2B6C}
		{34C133C3-E679-4021-9407-1F17F57D1574} = {3226BEA2-D37F-493B-A79F-A9B5FEAF2B6C}
		{9B0C1CBB-74D9-4D4D-9CC8-C2E1CADD156F} = {3226BEA2-D37F-493B-A79F-A9B5FEAF2B6C}
		{D65CBC32-64AA-414C-8706-D7CC418EA8AB} = {542578DF-FFC1-4F3C-B018-670408AAB838}
		{99DE3494-887C-48C6-9DE0-472FB37879F8} = {542578DF-FFC1-4F3C-B018-670408AAB838}
		{3800955B-F256-4E54-8F81-944B6CD67689} = {542578DF-FFC1-4F3C-B018-670408AAB838}
		{25158C75-294B-46D3-9D5E-D6D737DE13C3} = {542578DF-FFC1-4F3C-B018-670408AAB838}
		{9EC76C1E-5CF9-4661-8B19-865F93D352D3} = {542578DF-FFC1-4F3C-B018-670408AAB838}
		{C048AD58-9C30-42EB-A917-F3E5323E8C5D} = {542578DF-FFC1-4F3C-B018-670408AAB838}
		{50D9D924-2748-4A4A-82D4-40FD290BF1B1} = {542578DF-FFC1-4F3C-B018-670408AAB838}
		{8330399D-4614-463A-9918-1D305EEB2553} = {542578DF-FFC1-4F3C-B018-670408AAB838}
		{F41AE0B7-A7A9-42EE-8A07-7B55778CF158} = {542578DF-FFC1-4F3C-B018-670408AAB838}
		{EEBBDA05-BC54-4B5D-A441-078BA8E28393} = {542578DF-FFC1-4F3C-B018-670408AAB838}
	EndGlobalSection
EndGlobal
